
Microsoft Visual Studio Solution File, Format Version 12.00
# Visual Studio Version 17
VisualStudioVersion = 17.7.34202.233
MinimumVisualStudioVersion = 10.0.40219.1
Project("{FAE04EC0-301F-11D3-BF4B-00C04F79EFBC}") = "0942", "0942.csproj", "{1103F835-A1F2-475F-B646-7E4C825A43E0}"
EndProject
Global
	GlobalSection(SolutionConfigurationPlatforms) = preSolution
		Debug|Any CPU = Debug|Any CPU
		Release|Any CPU = Release|Any CPU
	EndGlobalSection
	GlobalSection(ProjectConfigurationPlatforms) = postSolution
		{1103F835-A1F2-475F-B646-7E4C825A43E0}.Debug|Any CPU.ActiveCfg = Debug|Any CPU
		{1103F835-A1F2-475F-B646-7E4C825A43E0}.Debug|Any CPU.Build.0 = Debug|Any CPU
		{1103F835-A1F2-475F-B646-7E4C825A43E0}.Release|Any CPU.ActiveCfg = Release|Any CPU
		{1103F835-A1F2-475F-B646-7E4C825A43E0}.Release|Any CPU.Build.0 = Release|Any CPU
	EndGlobalSection
	GlobalSection(SolutionProperties) = preSolution
		HideSolutionNode = FALSE
	EndGlobalSection
	GlobalSection(ExtensibilityGlobals) = postSolution
		SolutionGuid = {A38A1FA6-6458-41A4-BE48-96E7078DE9AA}
	EndGlobalSection
EndGlobal
