
Microsoft Visual Studio Solution File, Format Version 12.00
# Visual Studio Version 17
VisualStudioVersion = 17.7.34202.233
MinimumVisualStudioVersion = 10.0.40219.1
Project("{FAE04EC0-301F-11D3-BF4B-00C04F79EFBC}") = "0766", "0766.csproj", "{57E49FFA-F0C7-4A4D-AA0E-D494EFDA1AB3}"
EndProject
Global
	GlobalSection(SolutionConfigurationPlatforms) = preSolution
		Debug|Any CPU = Debug|Any CPU
		Release|Any CPU = Release|Any CPU
	EndGlobalSection
	GlobalSection(ProjectConfigurationPlatforms) = postSolution
		{57E49FFA-F0C7-4A4D-AA0E-D494EFDA1AB3}.Debug|Any CPU.ActiveCfg = Debug|Any CPU
		{57E49FFA-F0C7-4A4D-AA0E-D494EFDA1AB3}.Debug|Any CPU.Build.0 = Debug|Any CPU
		{57E49FFA-F0C7-4A4D-AA0E-D494EFDA1AB3}.Release|Any CPU.ActiveCfg = Release|Any CPU
		{57E49FFA-F0C7-4A4D-AA0E-D494EFDA1AB3}.Release|Any CPU.Build.0 = Release|Any CPU
	EndGlobalSection
	GlobalSection(SolutionProperties) = preSolution
		HideSolutionNode = FALSE
	EndGlobalSection
	GlobalSection(ExtensibilityGlobals) = postSolution
		SolutionGuid = {03D8334D-67A4-43DC-ACDF-4564F89CB5E6}
	EndGlobalSection
EndGlobal
