
Microsoft Visual Studio Solution File, Format Version 12.00
# Visual Studio Version 17
VisualStudioVersion = 17.7.34202.233
MinimumVisualStudioVersion = 10.0.40219.1
Project("{FAE04EC0-301F-11D3-BF4B-00C04F79EFBC}") = "0025", "0025.csproj", "{2EE6B45A-B9C5-4058-A63C-324D05E30340}"
EndProject
Global
	GlobalSection(SolutionConfigurationPlatforms) = preSolution
		Debug|Any CPU = Debug|Any CPU
		Release|Any CPU = Release|Any CPU
	EndGlobalSection
	GlobalSection(ProjectConfigurationPlatforms) = postSolution
		{2EE6B45A-B9C5-4058-A63C-324D05E30340}.Debug|Any CPU.ActiveCfg = Debug|Any CPU
		{2EE6B45A-B9C5-4058-A63C-324D05E30340}.Debug|Any CPU.Build.0 = Debug|Any CPU
		{2EE6B45A-B9C5-4058-A63C-324D05E30340}.Release|Any CPU.ActiveCfg = Release|Any CPU
		{2EE6B45A-B9C5-4058-A63C-324D05E30340}.Release|Any CPU.Build.0 = Release|Any CPU
	EndGlobalSection
	GlobalSection(SolutionProperties) = preSolution
		HideSolutionNode = FALSE
	EndGlobalSection
	GlobalSection(ExtensibilityGlobals) = postSolution
		SolutionGuid = {91DC0A55-9B1C-4ECB-82AE-AC4352B6CE81}
	EndGlobalSection
EndGlobal
